
Microsoft Visual Studio Solution File, Format Version 12.00
# Visual Studio Version 16
VisualStudioVersion = 16.0.31205.134
MinimumVisualStudioVersion = 10.0.40219.1
Project("{FAE04EC0-301F-11D3-BF4B-00C04F79EFBC}") = "zadanie_1_1", "zadanie_1_1.csproj", "{81161825-85C6-4098-8D27-9DCB9C6EC2A4}"
EndProject
Global
	GlobalSection(SolutionConfigurationPlatforms) = preSolution
		Debug|Any CPU = Debug|Any CPU
		Release|Any CPU = Release|Any CPU
	EndGlobalSection
	GlobalSection(ProjectConfigurationPlatforms) = postSolution
		{81161825-85C6-4098-8D27-9DCB9C6EC2A4}.Debug|Any CPU.ActiveCfg = Debug|Any CPU
		{81161825-85C6-4098-8D27-9DCB9C6EC2A4}.Debug|Any CPU.Build.0 = Debug|Any CPU
		{81161825-85C6-4098-8D27-9DCB9C6EC2A4}.Release|Any CPU.ActiveCfg = Release|Any CPU
		{81161825-85C6-4098-8D27-9DCB9C6EC2A4}.Release|Any CPU.Build.0 = Release|Any CPU
	EndGlobalSection
	GlobalSection(SolutionProperties) = preSolution
		HideSolutionNode = FALSE
	EndGlobalSection
	GlobalSection(ExtensibilityGlobals) = postSolution
		SolutionGuid = {E6AADE6B-3E68-4EDA-9279-B723A54BD6AE}
	EndGlobalSection
EndGlobal
